
Microsoft Visual Studio Solution File, Format Version 12.00
Project("{FAE04EC0-301F-11D3-BF4B-00C04F79EFBC}") = "MovieCatalog.API", "Services\MovieCatalog.API\MovieCatalog.API.csproj", "{3F4CDAF4-9F1F-4D31-95F0-6CF0270E4996}"
EndProject
Project("{2150E333-8FDC-42A3-9474-1A3956D46DE8}") = "Reviews", "Reviews", "{0AADC8C6-983A-4CF9-B7E8-E50E7C42D293}"
EndProject
Project("{FAE04EC0-301F-11D3-BF4B-00C04F79EFBC}") = "Reviews.API", "Reviews.API\Reviews.API.csproj", "{0760978E-A4E4-4C2F-8B14-6FB62A25DCFE}"
EndProject
Global
	GlobalSection(SolutionConfigurationPlatforms) = preSolution
		Debug|Any CPU = Debug|Any CPU
		Release|Any CPU = Release|Any CPU
	EndGlobalSection
	GlobalSection(ProjectConfigurationPlatforms) = postSolution
		{3F4CDAF4-9F1F-4D31-95F0-6CF0270E4996}.Debug|Any CPU.ActiveCfg = Debug|Any CPU
		{3F4CDAF4-9F1F-4D31-95F0-6CF0270E4996}.Debug|Any CPU.Build.0 = Debug|Any CPU
		{3F4CDAF4-9F1F-4D31-95F0-6CF0270E4996}.Release|Any CPU.ActiveCfg = Release|Any CPU
		{3F4CDAF4-9F1F-4D31-95F0-6CF0270E4996}.Release|Any CPU.Build.0 = Release|Any CPU
		{0760978E-A4E4-4C2F-8B14-6FB62A25DCFE}.Debug|Any CPU.ActiveCfg = Debug|Any CPU
		{0760978E-A4E4-4C2F-8B14-6FB62A25DCFE}.Debug|Any CPU.Build.0 = Debug|Any CPU
		{0760978E-A4E4-4C2F-8B14-6FB62A25DCFE}.Release|Any CPU.ActiveCfg = Release|Any CPU
		{0760978E-A4E4-4C2F-8B14-6FB62A25DCFE}.Release|Any CPU.Build.0 = Release|Any CPU
	EndGlobalSection
	GlobalSection(NestedProjects) = preSolution
		{0760978E-A4E4-4C2F-8B14-6FB62A25DCFE} = {0AADC8C6-983A-4CF9-B7E8-E50E7C42D293}
	EndGlobalSection
EndGlobal
